
Microsoft Visual Studio Solution File, Format Version 12.00
# Visual Studio 15
VisualStudioVersion = 15.0.26730.12
MinimumVisualStudioVersion = 10.0.40219.1
Project("{8BC9CEB8-8B4A-11D0-8D11-00A0C91BC942}") = "AdvancedOpenGL_StencilTesting", "AdvancedOpenGL_StencilTesting\AdvancedOpenGL_StencilTesting.vcxproj", "{A156557D-721C-4C31-82A7-0380BFA9EFE0}"
EndProject
Global
	GlobalSection(SolutionConfigurationPlatforms) = preSolution
		Debug|x64 = Debug|x64
		Debug|x86 = Debug|x86
		Release|x64 = Release|x64
		Release|x86 = Release|x86
	EndGlobalSection
	GlobalSection(ProjectConfigurationPlatforms) = postSolution
		{A156557D-721C-4C31-82A7-0380BFA9EFE0}.Debug|x64.ActiveCfg = Debug|x64
		{A156557D-721C-4C31-82A7-0380BFA9EFE0}.Debug|x64.Build.0 = Debug|x64
		{A156557D-721C-4C31-82A7-0380BFA9EFE0}.Debug|x86.ActiveCfg = Debug|Win32
		{A156557D-721C-4C31-82A7-0380BFA9EFE0}.Debug|x86.Build.0 = Debug|Win32
		{A156557D-721C-4C31-82A7-0380BFA9EFE0}.Release|x64.ActiveCfg = Release|x64
		{A156557D-721C-4C31-82A7-0380BFA9EFE0}.Release|x64.Build.0 = Release|x64
		{A156557D-721C-4C31-82A7-0380BFA9EFE0}.Release|x86.ActiveCfg = Release|Win32
		{A156557D-721C-4C31-82A7-0380BFA9EFE0}.Release|x86.Build.0 = Release|Win32
	EndGlobalSection
	GlobalSection(SolutionProperties) = preSolution
		HideSolutionNode = FALSE
	EndGlobalSection
	GlobalSection(ExtensibilityGlobals) = postSolution
		SolutionGuid = {CEC47B67-84EB-454E-B0AD-25166A4427CF}
	EndGlobalSection
EndGlobal
