
Microsoft Visual Studio Solution File, Format Version 12.00
# Visual Studio 15
VisualStudioVersion = 15.0.26730.12
MinimumVisualStudioVersion = 10.0.40219.1
Project("{8BC9CEB8-8B4A-11D0-8D11-00A0C91BC942}") = "AdvancedOpenGL_Instancing1", "AdvancedOpenGL_Instancing1\AdvancedOpenGL_Instancing1.vcxproj", "{CDAD4AEA-E7E5-4DA8-85FD-BDA1927E656C}"
EndProject
Global
	GlobalSection(SolutionConfigurationPlatforms) = preSolution
		Debug|x64 = Debug|x64
		Debug|x86 = Debug|x86
		Release|x64 = Release|x64
		Release|x86 = Release|x86
	EndGlobalSection
	GlobalSection(ProjectConfigurationPlatforms) = postSolution
		{CDAD4AEA-E7E5-4DA8-85FD-BDA1927E656C}.Debug|x64.ActiveCfg = Debug|x64
		{CDAD4AEA-E7E5-4DA8-85FD-BDA1927E656C}.Debug|x64.Build.0 = Debug|x64
		{CDAD4AEA-E7E5-4DA8-85FD-BDA1927E656C}.Debug|x86.ActiveCfg = Debug|Win32
		{CDAD4AEA-E7E5-4DA8-85FD-BDA1927E656C}.Debug|x86.Build.0 = Debug|Win32
		{CDAD4AEA-E7E5-4DA8-85FD-BDA1927E656C}.Release|x64.ActiveCfg = Release|x64
		{CDAD4AEA-E7E5-4DA8-85FD-BDA1927E656C}.Release|x64.Build.0 = Release|x64
		{CDAD4AEA-E7E5-4DA8-85FD-BDA1927E656C}.Release|x86.ActiveCfg = Release|Win32
		{CDAD4AEA-E7E5-4DA8-85FD-BDA1927E656C}.Release|x86.Build.0 = Release|Win32
	EndGlobalSection
	GlobalSection(SolutionProperties) = preSolution
		HideSolutionNode = FALSE
	EndGlobalSection
	GlobalSection(ExtensibilityGlobals) = postSolution
		SolutionGuid = {CF00C920-AD16-4C17-934F-C8804D48FDBA}
	EndGlobalSection
EndGlobal
