
Microsoft Visual Studio Solution File, Format Version 12.00
# Visual Studio 15
VisualStudioVersion = 15.0.26730.12
MinimumVisualStudioVersion = 10.0.40219.1
Project("{8BC9CEB8-8B4A-11D0-8D11-00A0C91BC942}") = "AdvancedOpenGL_DepthTesting", "AdvancedOpenGL_DepthTesting\AdvancedOpenGL_DepthTesting.vcxproj", "{2372D9AC-42BA-4D8E-A3FF-5E3CCAA9DE8A}"
EndProject
Global
	GlobalSection(SolutionConfigurationPlatforms) = preSolution
		Debug|x64 = Debug|x64
		Debug|x86 = Debug|x86
		Release|x64 = Release|x64
		Release|x86 = Release|x86
	EndGlobalSection
	GlobalSection(ProjectConfigurationPlatforms) = postSolution
		{2372D9AC-42BA-4D8E-A3FF-5E3CCAA9DE8A}.Debug|x64.ActiveCfg = Debug|x64
		{2372D9AC-42BA-4D8E-A3FF-5E3CCAA9DE8A}.Debug|x64.Build.0 = Debug|x64
		{2372D9AC-42BA-4D8E-A3FF-5E3CCAA9DE8A}.Debug|x86.ActiveCfg = Debug|Win32
		{2372D9AC-42BA-4D8E-A3FF-5E3CCAA9DE8A}.Debug|x86.Build.0 = Debug|Win32
		{2372D9AC-42BA-4D8E-A3FF-5E3CCAA9DE8A}.Release|x64.ActiveCfg = Release|x64
		{2372D9AC-42BA-4D8E-A3FF-5E3CCAA9DE8A}.Release|x64.Build.0 = Release|x64
		{2372D9AC-42BA-4D8E-A3FF-5E3CCAA9DE8A}.Release|x86.ActiveCfg = Release|Win32
		{2372D9AC-42BA-4D8E-A3FF-5E3CCAA9DE8A}.Release|x86.Build.0 = Release|Win32
	EndGlobalSection
	GlobalSection(SolutionProperties) = preSolution
		HideSolutionNode = FALSE
	EndGlobalSection
	GlobalSection(ExtensibilityGlobals) = postSolution
		SolutionGuid = {BC03566B-4ECB-4415-91AC-9B9475F77009}
	EndGlobalSection
EndGlobal
